# This file is automatically @generated by Poetry 2.0.1 and should not be changed by hand.

[[package]]
name = "python-dotenv"
version = "1.2.1"
description = "Read key-value pairs from a .env file and set them as environment variables"
optional = false
python-versions = ">=3.9"
groups = ["main"]
files = [
    {file = "python_dotenv-1.2.1-py3-none-any.whl", hash = "sha256:b81ee9561e9ca4004139c6cbba3a238c32b03e4894671e181b671e8cb8425d61"},
    {file = "python_dotenv-1.2.1.tar.gz", hash = "sha256:42667e897e16ab0d66954af0e60a9caa94f0fd4ecf3aaf6d2d260eec1aa36ad6"},
]

[package.extras]
cli = ["click (>=5.0)"]

[[package]]
name = "rel"
version = "0.4.9.22"
description = "Registered Event Listener. Provides standard (pyevent) interface and functionality without external dependencies"
optional = false
python-versions = "*"
groups = ["main"]
files = [
    {file = "rel-0.4.9.22-py3-none-any.whl", hash = "sha256:50d741439244048f9242118ca7957c22bd1d8be9f5b39bc11904cccc4c3c8b11"},
]

[[package]]
name = "websocket-client"
version = "1.9.0"
description = "WebSocket client for Python with low level API options"
optional = false
python-versions = ">=3.9"
groups = ["main"]
files = [
    {file = "websocket_client-1.9.0-py3-none-any.whl", hash = "sha256:af248a825037ef591efbf6ed20cc5faa03d3b47b9e5a2230a529eeee1c1fc3ef"},
    {file = "websocket_client-1.9.0.tar.gz", hash = "sha256:9e813624b6eb619999a97dc7958469217c3176312b3a16a4bd1bc7e08a46ec98"},
]

[package.extras]
docs = ["Sphinx (>=6.0)", "myst-parser (>=2.0.0)", "sphinx_rtd_theme (>=1.1.0)"]
optional = ["python-socks", "wsaccel"]
test = ["pytest", "websockets"]

[metadata]
lock-version = "2.1"
python-versions = "^3.10"
content-hash = "847aff103ef916f65ec879e87bde50c43f032707281510fa432b23fecca46e38"
